
Microsoft Visual Studio Solution File, Format Version 12.00
# Visual Studio Version 17
VisualStudioVersion = 17.11.35312.102
MinimumVisualStudioVersion = 10.0.40219.1
Project("{9A19103F-16F7-4668-BE54-9A1E7A4F7556}") = "CQRS.Application", "CQRS.Application\CQRS.Application.csproj", "{D9EA4762-DEC9-4D3D-A45C-41CBCA981B4A}"
EndProject
Project("{9A19103F-16F7-4668-BE54-9A1E7A4F7556}") = "CQRS.Domain", "CQRS.Domain\CQRS.Domain.csproj", "{D4D932E5-7754-4936-8465-ABDD22B36CCD}"
EndProject
Project("{9A19103F-16F7-4668-BE54-9A1E7A4F7556}") = "CQRS.Infra", "CQRS.Infra\CQRS.Infra.csproj", "{72B7AA43-3B48-4F74-B603-FC1B1977A28C}"
EndProject
Project("{9A19103F-16F7-4668-BE54-9A1E7A4F7556}") = "CQRS.API", "CQRS.API\CQRS.API.csproj", "{810ABC29-59BE-41DE-8B29-567CB9A0FF6D}"
EndProject
Project("{FAE04EC0-301F-11D3-BF4B-00C04F79EFBC}") = "CQRS.Test", "CQRS.Test\CQRS.Test.csproj", "{9D3F0623-0C6D-4BB9-A022-0E2AD3838D73}"
EndProject
Global
	GlobalSection(SolutionConfigurationPlatforms) = preSolution
		Debug|Any CPU = Debug|Any CPU
		Release|Any CPU = Release|Any CPU
	EndGlobalSection
	GlobalSection(ProjectConfigurationPlatforms) = postSolution
		{D9EA4762-DEC9-4D3D-A45C-41CBCA981B4A}.Debug|Any CPU.ActiveCfg = Debug|Any CPU
		{D9EA4762-DEC9-4D3D-A45C-41CBCA981B4A}.Debug|Any CPU.Build.0 = Debug|Any CPU
		{D9EA4762-DEC9-4D3D-A45C-41CBCA981B4A}.Release|Any CPU.ActiveCfg = Release|Any CPU
		{D9EA4762-DEC9-4D3D-A45C-41CBCA981B4A}.Release|Any CPU.Build.0 = Release|Any CPU
		{D4D932E5-7754-4936-8465-ABDD22B36CCD}.Debug|Any CPU.ActiveCfg = Debug|Any CPU
		{D4D932E5-7754-4936-8465-ABDD22B36CCD}.Debug|Any CPU.Build.0 = Debug|Any CPU
		{D4D932E5-7754-4936-8465-ABDD22B36CCD}.Release|Any CPU.ActiveCfg = Release|Any CPU
		{D4D932E5-7754-4936-8465-ABDD22B36CCD}.Release|Any CPU.Build.0 = Release|Any CPU
		{72B7AA43-3B48-4F74-B603-FC1B1977A28C}.Debug|Any CPU.ActiveCfg = Debug|Any CPU
		{72B7AA43-3B48-4F74-B603-FC1B1977A28C}.Debug|Any CPU.Build.0 = Debug|Any CPU
		{72B7AA43-3B48-4F74-B603-FC1B1977A28C}.Release|Any CPU.ActiveCfg = Release|Any CPU
		{72B7AA43-3B48-4F74-B603-FC1B1977A28C}.Release|Any CPU.Build.0 = Release|Any CPU
		{810ABC29-59BE-41DE-8B29-567CB9A0FF6D}.Debug|Any CPU.ActiveCfg = Debug|Any CPU
		{810ABC29-59BE-41DE-8B29-567CB9A0FF6D}.Debug|Any CPU.Build.0 = Debug|Any CPU
		{810ABC29-59BE-41DE-8B29-567CB9A0FF6D}.Release|Any CPU.ActiveCfg = Release|Any CPU
		{810ABC29-59BE-41DE-8B29-567CB9A0FF6D}.Release|Any CPU.Build.0 = Release|Any CPU
		{9D3F0623-0C6D-4BB9-A022-0E2AD3838D73}.Debug|Any CPU.ActiveCfg = Debug|Any CPU
		{9D3F0623-0C6D-4BB9-A022-0E2AD3838D73}.Debug|Any CPU.Build.0 = Debug|Any CPU
		{9D3F0623-0C6D-4BB9-A022-0E2AD3838D73}.Release|Any CPU.ActiveCfg = Release|Any CPU
		{9D3F0623-0C6D-4BB9-A022-0E2AD3838D73}.Release|Any CPU.Build.0 = Release|Any CPU
	EndGlobalSection
	GlobalSection(SolutionProperties) = preSolution
		HideSolutionNode = FALSE
	EndGlobalSection
	GlobalSection(ExtensibilityGlobals) = postSolution
		SolutionGuid = {CDD5B32A-52FB-47D7-A37A-04978061C5FA}
	EndGlobalSection
EndGlobal
